Microsoft Visual Studio Solution File, Format Version 11.00
# Visual Studio 2008

Project("{E545C702-1443-519D-BDE9-3A48E7B55698}") = "Vdaunt 2d", "Assembly-CSharp.csproj", "{139D8009-6C78-A35E-AB95-78966164F43C}"
EndProject
Global
	GlobalSection(SolutionConfigurationPlatforms) = preSolution
		Debug|Any CPU = Debug|Any CPU
		Release|Any CPU = Release|Any CPU
	EndGlobalSection
	GlobalSection(ProjectConfigurationPlatforms) = postSolution
		{139D8009-6C78-A35E-AB95-78966164F43C}.Debug|Any CPU.ActiveCfg = Debug|Any CPU
		{139D8009-6C78-A35E-AB95-78966164F43C}.Debug|Any CPU.Build.0 = Debug|Any CPU
		{139D8009-6C78-A35E-AB95-78966164F43C}.Release|Any CPU.ActiveCfg = Release|Any CPU
		{139D8009-6C78-A35E-AB95-78966164F43C}.Release|Any CPU.Build.0 = Release|Any CPU
	EndGlobalSection
	GlobalSection(SolutionProperties) = preSolution
		HideSolutionNode = FALSE
	EndGlobalSection
	GlobalSection(MonoDevelopProperties) = preSolution
		StartupItem = Assembly-CSharp.csproj
	EndGlobalSection
EndGlobal
