Microsoft Visual Studio Solution File, Format Version 11.00
# Visual Studio 2008

Project("{1BCE1CE9-18AE-D260-AA38-884B0421C566}") = "Vdaunt 2d Multiplayer", "Assembly-CSharp.csproj", "{D4177BA3-F610-B0E7-B881-3AC74D34999B}"
EndProject
Global
	GlobalSection(SolutionConfigurationPlatforms) = preSolution
		Debug|Any CPU = Debug|Any CPU
		Release|Any CPU = Release|Any CPU
	EndGlobalSection
	GlobalSection(ProjectConfigurationPlatforms) = postSolution
		{D4177BA3-F610-B0E7-B881-3AC74D34999B}.Debug|Any CPU.ActiveCfg = Debug|Any CPU
		{D4177BA3-F610-B0E7-B881-3AC74D34999B}.Debug|Any CPU.Build.0 = Debug|Any CPU
		{D4177BA3-F610-B0E7-B881-3AC74D34999B}.Release|Any CPU.ActiveCfg = Release|Any CPU
		{D4177BA3-F610-B0E7-B881-3AC74D34999B}.Release|Any CPU.Build.0 = Release|Any CPU
	EndGlobalSection
	GlobalSection(SolutionProperties) = preSolution
		HideSolutionNode = FALSE
	EndGlobalSection
	GlobalSection(MonoDevelopProperties) = preSolution
		StartupItem = Assembly-CSharp.csproj
	EndGlobalSection
EndGlobal
